
Microsoft Visual Studio Solution File, Format Version 11.00
# Visual Studio 2010
Project("{FAE04EC0-301F-11D3-BF4B-00C04F79EFBC}") = "History of Informatics", "Assembly-CSharp.csproj", "{836EE265-4C3B-793F-53A3-C84D74EEE391}"
EndProject
Global
	GlobalSection(SolutionConfigurationPlatforms) = preSolution
		Debug|Any CPU = Debug|Any CPU
		Release|Any CPU = Release|Any CPU
	EndGlobalSection
	GlobalSection(ProjectConfigurationPlatforms) = postSolution
		{836EE265-4C3B-793F-53A3-C84D74EEE391}.Debug|Any CPU.ActiveCfg = Debug|Any CPU
		{836EE265-4C3B-793F-53A3-C84D74EEE391}.Debug|Any CPU.Build.0 = Debug|Any CPU
		{836EE265-4C3B-793F-53A3-C84D74EEE391}.Release|Any CPU.ActiveCfg = Release|Any CPU
		{836EE265-4C3B-793F-53A3-C84D74EEE391}.Release|Any CPU.Build.0 = Release|Any CPU
	EndGlobalSection
	GlobalSection(SolutionProperties) = preSolution
		HideSolutionNode = FALSE
	EndGlobalSection
	GlobalSection(MonoDevelopProperties) = preSolution
		StartupItem = Assembly-CSharp.csproj
	EndGlobalSection
EndGlobal
